// !$*UTF8*$!
{
	archiveVersion = 1;
	classes = {
	};
	objectVersion = 50;
	objects = {

/* Begin PBXBuildFile section */
		7BABE4BB21FA67D000973946 /* AppDelegate.swift in Sources */ = {isa = PBXBuildFile; fileRef = 7BABE4BA21FA67D000973946 /* AppDelegate.swift */; };
		7BABE4BD21FA67D000973946 /* GameScene.sks in Resources */ = {isa = PBXBuildFile; fileRef = 7BABE4BC21FA67D000973946 /* GameScene.sks */; };
		7BABE4C121FA67D000973946 /* GameScene.swift in Sources */ = {isa = PBXBuildFile; fileRef = 7BABE4C021FA67D000973946 /* GameScene.swift */; };
		7BABE4C321FA67D000973946 /* GameViewController.swift in Sources */ = {isa = PBXBuildFile; fileRef = 7BABE4C221FA67D000973946 /* GameViewController.swift */; };
		7BABE4C621FA67D000973946 /* Main.storyboard in Resources */ = {isa = PBXBuildFile; fileRef = 7BABE4C421FA67D000973946 /* Main.storyboard */; };
		7BABE4C821FA67D100973946 /* Assets.xcassets in Resources */ = {isa = PBXBuildFile; fileRef = 7BABE4C721FA67D100973946 /* Assets.xcassets */; };
		7BABE4CB21FA67D100973946 /* LaunchScreen.storyboard in Resources */ = {isa = PBXBuildFile; fileRef = 7BABE4C921FA67D100973946 /* LaunchScreen.storyboard */; };
		7BABE4E021FA687600973946 /* finish@2x.png in Resources */ = {isa = PBXBuildFile; fileRef = 7BABE4D321FA687600973946 /* finish@2x.png */; };
		7BABE4E121FA687600973946 /* level1.txt in Resources */ = {isa = PBXBuildFile; fileRef = 7BABE4D421FA687600973946 /* level1.txt */; };
		7BABE4E221FA687600973946 /* star@2x.png in Resources */ = {isa = PBXBuildFile; fileRef = 7BABE4D521FA687600973946 /* star@2x.png */; };
		7BABE4E321FA687600973946 /* player@2x.png in Resources */ = {isa = PBXBuildFile; fileRef = 7BABE4D621FA687600973946 /* player@2x.png */; };
		7BABE4E421FA687600973946 /* background.jpg in Resources */ = {isa = PBXBuildFile; fileRef = 7BABE4D721FA687600973946 /* background.jpg */; };
		7BABE4E521FA687600973946 /* vortex.png in Resources */ = {isa = PBXBuildFile; fileRef = 7BABE4D821FA687600973946 /* vortex.png */; };
		7BABE4E621FA687600973946 /* block.png in Resources */ = {isa = PBXBuildFile; fileRef = 7BABE4D921FA687600973946 /* block.png */; };
		7BABE4E721FA687600973946 /* block@2x.png in Resources */ = {isa = PBXBuildFile; fileRef = 7BABE4DA21FA687600973946 /* block@2x.png */; };
		7BABE4E821FA687600973946 /* finish.png in Resources */ = {isa = PBXBuildFile; fileRef = 7BABE4DB21FA687600973946 /* finish.png */; };
		7BABE4E921FA687600973946 /* vortex@2x.png in Resources */ = {isa = PBXBuildFile; fileRef = 7BABE4DC21FA687600973946 /* vortex@2x.png */; };
		7BABE4EA21FA687600973946 /* star.png in Resources */ = {isa = PBXBuildFile; fileRef = 7BABE4DD21FA687600973946 /* star.png */; };
		7BABE4EB21FA687600973946 /* background@2x.jpg in Resources */ = {isa = PBXBuildFile; fileRef = 7BABE4DE21FA687600973946 /* background@2x.jpg */; };
		7BABE4EC21FA687600973946 /* player.png in Resources */ = {isa = PBXBuildFile; fileRef = 7BABE4DF21FA687600973946 /* player.png */; };
/* End PBXBuildFile section */

/* Begin PBXFileReference section */
		7BABE4B721FA67D000973946 /* Project26.app */ = {isa = PBXFileReference; explicitFileType = wrapper.application; includeInIndex = 0; path = Project26.app; sourceTree = BUILT_PRODUCTS_DIR; };
		7BABE4BA21FA67D000973946 /* AppDelegate.swift */ = {isa = PBXFileReference; lastKnownFileType = sourcecode.swift; path = AppDelegate.swift; sourceTree = "<group>"; };
		7BABE4BC21FA67D000973946 /* GameScene.sks */ = {isa = PBXFileReference; lastKnownFileType = file.sks; path = GameScene.sks; sourceTree = "<group>"; };
		7BABE4C021FA67D000973946 /* GameScene.swift */ = {isa = PBXFileReference; lastKnownFileType = sourcecode.swift; path = GameScene.swift; sourceTree = "<group>"; };
		7BABE4C221FA67D000973946 /* GameViewController.swift */ = {isa = PBXFileReference; lastKnownFileType = sourcecode.swift; path = GameViewController.swift; sourceTree = "<group>"; };
		7BABE4C521FA67D000973946 /* Base */ = {isa = PBXFileReference; lastKnownFileType = file.storyboard; name = Base; path = Base.lproj/Main.storyboard; sourceTree = "<group>"; };
		7BABE4C721FA67D100973946 /* Assets.xcassets */ = {isa = PBXFileReference; lastKnownFileType = folder.assetcatalog; path = Assets.xcassets; sourceTree = "<group>"; };
		7BABE4CA21FA67D100973946 /* Base */ = {isa = PBXFileReference; lastKnownFileType = file.storyboard; name = Base; path = Base.lproj/LaunchScreen.storyboard; sourceTree = "<group>"; };
		7BABE4CC21FA67D100973946 /* Info.plist */ = {isa = PBXFileReference; lastKnownFileType = text.plist.xml; path = Info.plist; sourceTree = "<group>"; };
		7BABE4D321FA687600973946 /* finish@2x.png */ = {isa = PBXFileReference; lastKnownFileType = image.png; path = "finish@2x.png"; sourceTree = "<group>"; };
		7BABE4D421FA687600973946 /* level1.txt */ = {isa = PBXFileReference; fileEncoding = 4; lastKnownFileType = text; path = level1.txt; sourceTree = "<group>"; };
		7BABE4D521FA687600973946 /* star@2x.png */ = {isa = PBXFileReference; lastKnownFileType = image.png; path = "star@2x.png"; sourceTree = "<group>"; };
		7BABE4D621FA687600973946 /* player@2x.png */ = {isa = PBXFileReference; lastKnownFileType = image.png; path = "player@2x.png"; sourceTree = "<group>"; };
		7BABE4D721FA687600973946 /* background.jpg */ = {isa = PBXFileReference; lastKnownFileType = image.jpeg; path = background.jpg; sourceTree = "<group>"; };
		7BABE4D821FA687600973946 /* vortex.png */ = {isa = PBXFileReference; lastKnownFileType = image.png; path = vortex.png; sourceTree = "<group>"; };
		7BABE4D921FA687600973946 /* block.png */ = {isa = PBXFileReference; lastKnownFileType = image.png; path = block.png; sourceTree = "<group>"; };
		7BABE4DA21FA687600973946 /* block@2x.png */ = {isa = PBXFileReference; lastKnownFileType = image.png; path = "block@2x.png"; sourceTree = "<group>"; };
		7BABE4DB21FA687600973946 /* finish.png */ = {isa = PBXFileReference; lastKnownFileType = image.png; path = finish.png; sourceTree = "<group>"; };
		7BABE4DC21FA687600973946 /* vortex@2x.png */ = {isa = PBXFileReference; lastKnownFileType = image.png; path = "vortex@2x.png"; sourceTree = "<group>"; };
		7BABE4DD21FA687600973946 /* star.png */ = {isa = PBXFileReference; lastKnownFileType = image.png; path = star.png; sourceTree = "<group>"; };
		7BABE4DE21FA687600973946 /* background@2x.jpg */ = {isa = PBXFileReference; lastKnownFileType = image.jpeg; path = "background@2x.jpg"; sourceTree = "<group>"; };
		7BABE4DF21FA687600973946 /* player.png */ = {isa = PBXFileReference; lastKnownFileType = image.png; path = player.png; sourceTree = "<group>"; };
/* End PBXFileReference section */

/* Begin PBXFrameworksBuildPhase section */
		7BABE4B421FA67D000973946 /* Frameworks */ = {
			isa = PBXFrameworksBuildPhase;
			buildActionMask = 2147483647;
			files = (
			);
			runOnlyForDeploymentPostprocessing = 0;
		};
/* End PBXFrameworksBuildPhase section */

/* Begin PBXGroup section */
		7BABE4AE21FA67D000973946 = {
			isa = PBXGroup;
			children = (
				7BABE4B921FA67D000973946 /* Project26 */,
				7BABE4B821FA67D000973946 /* Products */,
			);
			sourceTree = "<group>";
		};
		7BABE4B821FA67D000973946 /* Products */ = {
			isa = PBXGroup;
			children = (
				7BABE4B721FA67D000973946 /* Project26.app */,
			);
			name = Products;
			sourceTree = "<group>";
		};
		7BABE4B921FA67D000973946 /* Project26 */ = {
			isa = PBXGroup;
			children = (
				7BABE4BA21FA67D000973946 /* AppDelegate.swift */,
				7BABE4BC21FA67D000973946 /* GameScene.sks */,
				7BABE4C021FA67D000973946 /* GameScene.swift */,
				7BABE4C221FA67D000973946 /* GameViewController.swift */,
				7BABE4C421FA67D000973946 /* Main.storyboard */,
				7BABE4C721FA67D100973946 /* Assets.xcassets */,
				7BABE4D221FA687500973946 /* Content */,
				7BABE4C921FA67D100973946 /* LaunchScreen.storyboard */,
				7BABE4CC21FA67D100973946 /* Info.plist */,
			);
			path = Project26;
			sourceTree = "<group>";
		};
		7BABE4D221FA687500973946 /* Content */ = {
			isa = PBXGroup;
			children = (
				7BABE4D321FA687600973946 /* finish@2x.png */,
				7BABE4D421FA687600973946 /* level1.txt */,
				7BABE4D521FA687600973946 /* star@2x.png */,
				7BABE4D621FA687600973946 /* player@2x.png */,
				7BABE4D721FA687600973946 /* background.jpg */,
				7BABE4D821FA687600973946 /* vortex.png */,
				7BABE4D921FA687600973946 /* block.png */,
				7BABE4DA21FA687600973946 /* block@2x.png */,
				7BABE4DB21FA687600973946 /* finish.png */,
				7BABE4DC21FA687600973946 /* vortex@2x.png */,
				7BABE4DD21FA687600973946 /* star.png */,
				7BABE4DE21FA687600973946 /* background@2x.jpg */,
				7BABE4DF21FA687600973946 /* player.png */,
			);
			path = Content;
			sourceTree = "<group>";
		};
/* End PBXGroup section */

/* Begin PBXNativeTarget section */
		7BABE4B621FA67D000973946 /* Project26 */ = {
			isa = PBXNativeTarget;
			buildConfigurationList = 7BABE4CF21FA67D100973946 /* Build configuration list for PBXNativeTarget "Project26" */;
			buildPhases = (
				7BABE4B321FA67D000973946 /* Sources */,
				7BABE4B421FA67D000973946 /* Frameworks */,
				7BABE4B521FA67D000973946 /* Resources */,
			);
			buildRules = (
			);
			dependencies = (
			);
			name = Project26;
			productName = Project26;
			productReference = 7BABE4B721FA67D000973946 /* Project26.app */;
			productType = "com.apple.product-type.application";
		};
/* End PBXNativeTarget section */

/* Begin PBXProject section */
		7BABE4AF21FA67D000973946 /* Project object */ = {
			isa = PBXProject;
			attributes = {
				LastSwiftUpdateCheck = 1010;
				LastUpgradeCheck = 1010;
				ORGANIZATIONNAME = "Tanner Quesenberry";
				TargetAttributes = {
					7BABE4B621FA67D000973946 = {
						CreatedOnToolsVersion = 10.1;
					};
				};
			};
			buildConfigurationList = 7BABE4B221FA67D000973946 /* Build configuration list for PBXProject "Project26" */;
			compatibilityVersion = "Xcode 9.3";
			developmentRegion = en;
			hasScannedForEncodings = 0;
			knownRegions = (
				en,
				Base,
			);
			mainGroup = 7BABE4AE21FA67D000973946;
			productRefGroup = 7BABE4B821FA67D000973946 /* Products */;
			projectDirPath = "";
			projectRoot = "";
			targets = (
				7BABE4B621FA67D000973946 /* Project26 */,
			);
		};
/* End PBXProject section */

/* Begin PBXResourcesBuildPhase section */
		7BABE4B521FA67D000973946 /* Resources */ = {
			isa = PBXResourcesBuildPhase;
			buildActionMask = 2147483647;
			files = (
				7BABE4E421FA687600973946 /* background.jpg in Resources */,
				7BABE4C621FA67D000973946 /* Main.storyboard in Resources */,
				7BABE4E921FA687600973946 /* vortex@2x.png in Resources */,
				7BABE4E621FA687600973946 /* block.png in Resources */,
				7BABE4BD21FA67D000973946 /* GameScene.sks in Resources */,
				7BABE4E721FA687600973946 /* block@2x.png in Resources */,
				7BABE4E221FA687600973946 /* star@2x.png in Resources */,
				7BABE4E021FA687600973946 /* finish@2x.png in Resources */,
				7BABE4E821FA687600973946 /* finish.png in Resources */,
				7BABE4EC21FA687600973946 /* player.png in Resources */,
				7BABE4E121FA687600973946 /* level1.txt in Resources */,
				7BABE4EB21FA687600973946 /* background@2x.jpg in Resources */,
				7BABE4C821FA67D100973946 /* Assets.xcassets in Resources */,
				7BABE4EA21FA687600973946 /* star.png in Resources */,
				7BABE4CB21FA67D100973946 /* LaunchScreen.storyboard in Resources */,
				7BABE4E321FA687600973946 /* player@2x.png in Resources */,
				7BABE4E521FA687600973946 /* vortex.png in Resources */,
			);
			runOnlyForDeploymentPostprocessing = 0;
		};
/* End PBXResourcesBuildPhase section */

/* Begin PBXSourcesBuildPhase section */
		7BABE4B321FA67D000973946 /* Sources */ = {
			isa = PBXSourcesBuildPhase;
			buildActionMask = 2147483647;
			files = (
				7BABE4C121FA67D000973946 /* GameScene.swift in Sources */,
				7BABE4C321FA67D000973946 /* GameViewController.swift in Sources */,
				7BABE4BB21FA67D000973946 /* AppDelegate.swift in Sources */,
			);
			runOnlyForDeploymentPostprocessing = 0;
		};
/* End PBXSourcesBuildPhase section */

/* Begin PBXVariantGroup section */
		7BABE4C421FA67D000973946 /* Main.storyboard */ = {
			isa = PBXVariantGroup;
			children = (
				7BABE4C521FA67D000973946 /* Base */,
			);
			name = Main.storyboard;
			sourceTree = "<group>";
		};
		7BABE4C921FA67D100973946 /* LaunchScreen.storyboard */ = {
			isa = PBXVariantGroup;
			children = (
				7BABE4CA21FA67D100973946 /* Base */,
			);
			name = LaunchScreen.storyboard;
			sourceTree = "<group>";
		};
/* End PBXVariantGroup section */

/* Begin XCBuildConfiguration section */
		7BABE4CD21FA67D100973946 /* Debug */ = {
			isa = XCBuildConfiguration;
			buildSettings = {
				ALWAYS_SEARCH_USER_PATHS = NO;
				CLANG_ANALYZER_NONNULL = YES;
				CLANG_ANALYZER_NUMBER_OBJECT_CONVERSION = YES_AGGRESSIVE;
				CLANG_CXX_LANGUAGE_STANDARD = "gnu++14";
				CLANG_CXX_LIBRARY = "libc++";
				CLANG_ENABLE_MODULES = YES;
				CLANG_ENABLE_OBJC_ARC = YES;
				CLANG_ENABLE_OBJC_WEAK = YES;
				CLANG_WARN_BLOCK_CAPTURE_AUTORELEASING = YES;
				CLANG_WARN_BOOL_CONVERSION = YES;
				CLANG_WARN_COMMA = YES;
				CLANG_WARN_CONSTANT_CONVERSION = YES;
				CLANG_WARN_DEPRECATED_OBJC_IMPLEMENTATIONS = YES;
				CLANG_WARN_DIRECT_OBJC_ISA_USAGE = YES_ERROR;
				CLANG_WARN_DOCUMENTATION_COMMENTS = YES;
				CLANG_WARN_EMPTY_BODY = YES;
				CLANG_WARN_ENUM_CONVERSION = YES;
				CLANG_WARN_INFINITE_RECURSION = YES;
				CLANG_WARN_INT_CONVERSION = YES;
				CLANG_WARN_NON_LITERAL_NULL_CONVERSION = YES;
				CLANG_WARN_OBJC_IMPLICIT_RETAIN_SELF = YES;
				CLANG_WARN_OBJC_LITERAL_CONVERSION = YES;
				CLANG_WARN_OBJC_ROOT_CLASS = YES_ERROR;
				CLANG_WARN_RANGE_LOOP_ANALYSIS = YES;
				CLANG_WARN_STRICT_PROTOTYPES = YES;
				CLANG_WARN_SUSPICIOUS_MOVE = YES;
				CLANG_WARN_UNGUARDED_AVAILABILITY = YES_AGGRESSIVE;
				CLANG_WARN_UNREACHABLE_CODE = YES;
				CLANG_WARN__DUPLICATE_METHOD_MATCH = YES;
				CODE_SIGN_IDENTITY = "iPhone Developer";
				COPY_PHASE_STRIP = NO;
				DEBUG_INFORMATION_FORMAT = dwarf;
				ENABLE_STRICT_OBJC_MSGSEND = YES;
				ENABLE_TESTABILITY = YES;
				GCC_C_LANGUAGE_STANDARD = gnu11;
				GCC_DYNAMIC_NO_PIC = NO;
				GCC_NO_COMMON_BLOCKS = YES;
				GCC_OPTIMIZATION_LEVEL = 0;
				GCC_PREPROCESSOR_DEFINITIONS = (
					"DEBUG=1",
					"$(inherited)",
				);
				GCC_WARN_64_TO_32_BIT_CONVERSION = YES;
				GCC_WARN_ABOUT_RETURN_TYPE = YES_ERROR;
				GCC_WARN_UNDECLARED_SELECTOR = YES;
				GCC_WARN_UNINITIALIZED_AUTOS = YES_AGGRESSIVE;
				GCC_WARN_UNUSED_FUNCTION = YES;
				GCC_WARN_UNUSED_VARIABLE = YES;
				IPHONEOS_DEPLOYMENT_TARGET = 12.1;
				MTL_ENABLE_DEBUG_INFO = INCLUDE_SOURCE;
				MTL_FAST_MATH = YES;
				ONLY_ACTIVE_ARCH = YES;
				SDKROOT = iphoneos;
				SWIFT_ACTIVE_COMPILATION_CONDITIONS = DEBUG;
				SWIFT_OPTIMIZATION_LEVEL = "-Onone";
			};
			name = Debug;
		};
		7BABE4CE21FA67D100973946 /* Release */ = {
			isa = XCBuildConfiguration;
			buildSettings = {
				ALWAYS_SEARCH_USER_PATHS = NO;
				CLANG_ANALYZER_NONNULL = YES;
				CLANG_ANALYZER_NUMBER_OBJECT_CONVERSION = YES_AGGRESSIVE;
				CLANG_CXX_LANGUAGE_STANDARD = "gnu++14";
				CLANG_CXX_LIBRARY = "libc++";
				CLANG_ENABLE_MODULES = YES;
				CLANG_ENABLE_OBJC_ARC = YES;
				CLANG_ENABLE_OBJC_WEAK = YES;
				CLANG_WARN_BLOCK_CAPTURE_AUTORELEASING = YES;
				CLANG_WARN_BOOL_CONVERSION = YES;
				CLANG_WARN_COMMA = YES;
				CLANG_WARN_CONSTANT_CONVERSION = YES;
				CLANG_WARN_DEPRECATED_OBJC_IMPLEMENTATIONS = YES;
				CLANG_WARN_DIRECT_OBJC_ISA_USAGE = YES_ERROR;
				CLANG_WARN_DOCUMENTATION_COMMENTS = YES;
				CLANG_WARN_EMPTY_BODY = YES;
				CLANG_WARN_ENUM_CONVERSION = YES;
				CLANG_WARN_INFINITE_RECURSION = YES;
				CLANG_WARN_INT_CONVERSION = YES;
				CLANG_WARN_NON_LITERAL_NULL_CONVERSION = YES;
				CLANG_WARN_OBJC_IMPLICIT_RETAIN_SELF = YES;
				CLANG_WARN_OBJC_LITERAL_CONVERSION = YES;
				CLANG_WARN_OBJC_ROOT_CLASS = YES_ERROR;
				CLANG_WARN_RANGE_LOOP_ANALYSIS = YES;
				CLANG_WARN_STRICT_PROTOTYPES = YES;
				CLANG_WARN_SUSPICIOUS_MOVE = YES;
				CLANG_WARN_UNGUARDED_AVAILABILITY = YES_AGGRESSIVE;
				CLANG_WARN_UNREACHABLE_CODE = YES;
				CLANG_WARN__DUPLICATE_METHOD_MATCH = YES;
				CODE_SIGN_IDENTITY = "iPhone Developer";
				COPY_PHASE_STRIP = NO;
				DEBUG_INFORMATION_FORMAT = "dwarf-with-dsym";
				ENABLE_NS_ASSERTIONS = NO;
				ENABLE_STRICT_OBJC_MSGSEND = YES;
				GCC_C_LANGUAGE_STANDARD = gnu11;
				GCC_NO_COMMON_BLOCKS = YES;
				GCC_WARN_64_TO_32_BIT_CONVERSION = YES;
				GCC_WARN_ABOUT_RETURN_TYPE = YES_ERROR;
				GCC_WARN_UNDECLARED_SELECTOR = YES;
				GCC_WARN_UNINITIALIZED_AUTOS = YES_AGGRESSIVE;
				GCC_WARN_UNUSED_FUNCTION = YES;
				GCC_WARN_UNUSED_VARIABLE = YES;
				IPHONEOS_DEPLOYMENT_TARGET = 12.1;
				MTL_ENABLE_DEBUG_INFO = NO;
				MTL_FAST_MATH = YES;
				SDKROOT = iphoneos;
				SWIFT_COMPILATION_MODE = wholemodule;
				SWIFT_OPTIMIZATION_LEVEL = "-O";
				VALIDATE_PRODUCT = YES;
			};
			name = Release;
		};
		7BABE4D021FA67D100973946 /* Debug */ = {
			isa = XCBuildConfiguration;
			buildSettings = {
				ASSETCATALOG_COMPILER_APPICON_NAME = AppIcon;
				CODE_SIGN_STYLE = Automatic;
				INFOPLIST_FILE = Project26/Info.plist;
				LD_RUNPATH_SEARCH_PATHS = (
					"$(inherited)",
					"@executable_path/Frameworks",
				);
				PRODUCT_BUNDLE_IDENTIFIER = com.tannerquesenberry.Project26;
				PRODUCT_NAME = "$(TARGET_NAME)";
				SWIFT_VERSION = 4.2;
				TARGETED_DEVICE_FAMILY = 2;
			};
			name = Debug;
		};
		7BABE4D121FA67D100973946 /* Release */ = {
			isa = XCBuildConfiguration;
			buildSettings = {
				ASSETCATALOG_COMPILER_APPICON_NAME = AppIcon;
				CODE_SIGN_STYLE = Automatic;
				INFOPLIST_FILE = Project26/Info.plist;
				LD_RUNPATH_SEARCH_PATHS = (
					"$(inherited)",
					"@executable_path/Frameworks",
				);
				PRODUCT_BUNDLE_IDENTIFIER = com.tannerquesenberry.Project26;
				PRODUCT_NAME = "$(TARGET_NAME)";
				SWIFT_VERSION = 4.2;
				TARGETED_DEVICE_FAMILY = 2;
			};
			name = Release;
		};
/* End XCBuildConfiguration section */

/* Begin XCConfigurationList section */
		7BABE4B221FA67D000973946 /* Build configuration list for PBXProject "Project26" */ = {
			isa = XCConfigurationList;
			buildConfigurations = (
				7BABE4CD21FA67D100973946 /* Debug */,
				7BABE4CE21FA67D100973946 /* Release */,
			);
			defaultConfigurationIsVisible = 0;
			defaultConfigurationName = Release;
		};
		7BABE4CF21FA67D100973946 /* Build configuration list for PBXNativeTarget "Project26" */ = {
			isa = XCConfigurationList;
			buildConfigurations = (
				7BABE4D021FA67D100973946 /* Debug */,
				7BABE4D121FA67D100973946 /* Release */,
			);
			defaultConfigurationIsVisible = 0;
			defaultConfigurationName = Release;
		};
/* End XCConfigurationList section */
	};
	rootObject = 7BABE4AF21FA67D000973946 /* Project object */;
}
