// !$*UTF8*$!
{
	archiveVersion = 1;
	classes = {
	};
	objectVersion = 50;
	objects = {

/* Begin PBXBuildFile section */
		7B07105621EEF412008F6512 /* AppDelegate.swift in Sources */ = {isa = PBXBuildFile; fileRef = 7B07105521EEF412008F6512 /* AppDelegate.swift */; };
		7B07105821EEF412008F6512 /* ViewController.swift in Sources */ = {isa = PBXBuildFile; fileRef = 7B07105721EEF412008F6512 /* ViewController.swift */; };
		7B07105B21EEF412008F6512 /* Main.storyboard in Resources */ = {isa = PBXBuildFile; fileRef = 7B07105921EEF412008F6512 /* Main.storyboard */; };
		7B07105D21EEF413008F6512 /* Assets.xcassets in Resources */ = {isa = PBXBuildFile; fileRef = 7B07105C21EEF413008F6512 /* Assets.xcassets */; };
		7B07106021EEF413008F6512 /* LaunchScreen.storyboard in Resources */ = {isa = PBXBuildFile; fileRef = 7B07105E21EEF413008F6512 /* LaunchScreen.storyboard */; };
		7B07107021EEF50C008F6512 /* ActionViewController.swift in Sources */ = {isa = PBXBuildFile; fileRef = 7B07106F21EEF50C008F6512 /* ActionViewController.swift */; };
		7B07107321EEF50C008F6512 /* MainInterface.storyboard in Resources */ = {isa = PBXBuildFile; fileRef = 7B07107121EEF50C008F6512 /* MainInterface.storyboard */; };
		7B07107721EEF50C008F6512 /* Extension.appex in Embed App Extensions */ = {isa = PBXBuildFile; fileRef = 7B07106B21EEF50C008F6512 /* Extension.appex */; settings = {ATTRIBUTES = (RemoveHeadersOnCopy, ); }; };
		7B07107D21EEFC30008F6512 /* Action.js in Resources */ = {isa = PBXBuildFile; fileRef = 7B07107C21EEFC30008F6512 /* Action.js */; };
/* End PBXBuildFile section */

/* Begin PBXContainerItemProxy section */
		7B07107521EEF50C008F6512 /* PBXContainerItemProxy */ = {
			isa = PBXContainerItemProxy;
			containerPortal = 7B07104A21EEF412008F6512 /* Project object */;
			proxyType = 1;
			remoteGlobalIDString = 7B07106A21EEF50C008F6512;
			remoteInfo = Extension;
		};
/* End PBXContainerItemProxy section */

/* Begin PBXCopyFilesBuildPhase section */
		7B07107B21EEF50C008F6512 /* Embed App Extensions */ = {
			isa = PBXCopyFilesBuildPhase;
			buildActionMask = 2147483647;
			dstPath = "";
			dstSubfolderSpec = 13;
			files = (
				7B07107721EEF50C008F6512 /* Extension.appex in Embed App Extensions */,
			);
			name = "Embed App Extensions";
			runOnlyForDeploymentPostprocessing = 0;
		};
/* End PBXCopyFilesBuildPhase section */

/* Begin PBXFileReference section */
		7B07105221EEF412008F6512 /* Project16.app */ = {isa = PBXFileReference; explicitFileType = wrapper.application; includeInIndex = 0; path = Project16.app; sourceTree = BUILT_PRODUCTS_DIR; };
		7B07105521EEF412008F6512 /* AppDelegate.swift */ = {isa = PBXFileReference; lastKnownFileType = sourcecode.swift; path = AppDelegate.swift; sourceTree = "<group>"; };
		7B07105721EEF412008F6512 /* ViewController.swift */ = {isa = PBXFileReference; lastKnownFileType = sourcecode.swift; path = ViewController.swift; sourceTree = "<group>"; };
		7B07105A21EEF412008F6512 /* Base */ = {isa = PBXFileReference; lastKnownFileType = file.storyboard; name = Base; path = Base.lproj/Main.storyboard; sourceTree = "<group>"; };
		7B07105C21EEF413008F6512 /* Assets.xcassets */ = {isa = PBXFileReference; lastKnownFileType = folder.assetcatalog; path = Assets.xcassets; sourceTree = "<group>"; };
		7B07105F21EEF413008F6512 /* Base */ = {isa = PBXFileReference; lastKnownFileType = file.storyboard; name = Base; path = Base.lproj/LaunchScreen.storyboard; sourceTree = "<group>"; };
		7B07106121EEF413008F6512 /* Info.plist */ = {isa = PBXFileReference; lastKnownFileType = text.plist.xml; path = Info.plist; sourceTree = "<group>"; };
		7B07106B21EEF50C008F6512 /* Extension.appex */ = {isa = PBXFileReference; explicitFileType = "wrapper.app-extension"; includeInIndex = 0; path = Extension.appex; sourceTree = BUILT_PRODUCTS_DIR; };
		7B07106F21EEF50C008F6512 /* ActionViewController.swift */ = {isa = PBXFileReference; lastKnownFileType = sourcecode.swift; path = ActionViewController.swift; sourceTree = "<group>"; };
		7B07107221EEF50C008F6512 /* Base */ = {isa = PBXFileReference; lastKnownFileType = file.storyboard; name = Base; path = Base.lproj/MainInterface.storyboard; sourceTree = "<group>"; };
		7B07107421EEF50C008F6512 /* Info.plist */ = {isa = PBXFileReference; lastKnownFileType = text.plist.xml; path = Info.plist; sourceTree = "<group>"; };
		7B07107C21EEFC30008F6512 /* Action.js */ = {isa = PBXFileReference; lastKnownFileType = sourcecode.javascript; path = Action.js; sourceTree = "<group>"; };
/* End PBXFileReference section */

/* Begin PBXFrameworksBuildPhase section */
		7B07104F21EEF412008F6512 /* Frameworks */ = {
			isa = PBXFrameworksBuildPhase;
			buildActionMask = 2147483647;
			files = (
			);
			runOnlyForDeploymentPostprocessing = 0;
		};
		7B07106821EEF50C008F6512 /* Frameworks */ = {
			isa = PBXFrameworksBuildPhase;
			buildActionMask = 2147483647;
			files = (
			);
			runOnlyForDeploymentPostprocessing = 0;
		};
/* End PBXFrameworksBuildPhase section */

/* Begin PBXGroup section */
		7B07104921EEF412008F6512 = {
			isa = PBXGroup;
			children = (
				7B07105421EEF412008F6512 /* Project16 */,
				7B07106C21EEF50C008F6512 /* Extension */,
				7B07105321EEF412008F6512 /* Products */,
			);
			sourceTree = "<group>";
		};
		7B07105321EEF412008F6512 /* Products */ = {
			isa = PBXGroup;
			children = (
				7B07105221EEF412008F6512 /* Project16.app */,
				7B07106B21EEF50C008F6512 /* Extension.appex */,
			);
			name = Products;
			sourceTree = "<group>";
		};
		7B07105421EEF412008F6512 /* Project16 */ = {
			isa = PBXGroup;
			children = (
				7B07105521EEF412008F6512 /* AppDelegate.swift */,
				7B07105721EEF412008F6512 /* ViewController.swift */,
				7B07105921EEF412008F6512 /* Main.storyboard */,
				7B07105C21EEF413008F6512 /* Assets.xcassets */,
				7B07105E21EEF413008F6512 /* LaunchScreen.storyboard */,
				7B07106121EEF413008F6512 /* Info.plist */,
			);
			path = Project16;
			sourceTree = "<group>";
		};
		7B07106C21EEF50C008F6512 /* Extension */ = {
			isa = PBXGroup;
			children = (
				7B07106F21EEF50C008F6512 /* ActionViewController.swift */,
				7B07107121EEF50C008F6512 /* MainInterface.storyboard */,
				7B07107421EEF50C008F6512 /* Info.plist */,
				7B07107C21EEFC30008F6512 /* Action.js */,
			);
			path = Extension;
			sourceTree = "<group>";
		};
/* End PBXGroup section */

/* Begin PBXNativeTarget section */
		7B07105121EEF412008F6512 /* Project16 */ = {
			isa = PBXNativeTarget;
			buildConfigurationList = 7B07106421EEF413008F6512 /* Build configuration list for PBXNativeTarget "Project16" */;
			buildPhases = (
				7B07104E21EEF412008F6512 /* Sources */,
				7B07104F21EEF412008F6512 /* Frameworks */,
				7B07105021EEF412008F6512 /* Resources */,
				7B07107B21EEF50C008F6512 /* Embed App Extensions */,
			);
			buildRules = (
			);
			dependencies = (
				7B07107621EEF50C008F6512 /* PBXTargetDependency */,
			);
			name = Project16;
			productName = Project16;
			productReference = 7B07105221EEF412008F6512 /* Project16.app */;
			productType = "com.apple.product-type.application";
		};
		7B07106A21EEF50C008F6512 /* Extension */ = {
			isa = PBXNativeTarget;
			buildConfigurationList = 7B07107821EEF50C008F6512 /* Build configuration list for PBXNativeTarget "Extension" */;
			buildPhases = (
				7B07106721EEF50C008F6512 /* Sources */,
				7B07106821EEF50C008F6512 /* Frameworks */,
				7B07106921EEF50C008F6512 /* Resources */,
			);
			buildRules = (
			);
			dependencies = (
			);
			name = Extension;
			productName = Extension;
			productReference = 7B07106B21EEF50C008F6512 /* Extension.appex */;
			productType = "com.apple.product-type.app-extension";
		};
/* End PBXNativeTarget section */

/* Begin PBXProject section */
		7B07104A21EEF412008F6512 /* Project object */ = {
			isa = PBXProject;
			attributes = {
				LastSwiftUpdateCheck = 1010;
				LastUpgradeCheck = 1010;
				ORGANIZATIONNAME = "Tanner Quesenberry";
				TargetAttributes = {
					7B07105121EEF412008F6512 = {
						CreatedOnToolsVersion = 10.1;
					};
					7B07106A21EEF50C008F6512 = {
						CreatedOnToolsVersion = 10.1;
					};
				};
			};
			buildConfigurationList = 7B07104D21EEF412008F6512 /* Build configuration list for PBXProject "Project16" */;
			compatibilityVersion = "Xcode 9.3";
			developmentRegion = en;
			hasScannedForEncodings = 0;
			knownRegions = (
				en,
				Base,
			);
			mainGroup = 7B07104921EEF412008F6512;
			productRefGroup = 7B07105321EEF412008F6512 /* Products */;
			projectDirPath = "";
			projectRoot = "";
			targets = (
				7B07105121EEF412008F6512 /* Project16 */,
				7B07106A21EEF50C008F6512 /* Extension */,
			);
		};
/* End PBXProject section */

/* Begin PBXResourcesBuildPhase section */
		7B07105021EEF412008F6512 /* Resources */ = {
			isa = PBXResourcesBuildPhase;
			buildActionMask = 2147483647;
			files = (
				7B07106021EEF413008F6512 /* LaunchScreen.storyboard in Resources */,
				7B07105D21EEF413008F6512 /* Assets.xcassets in Resources */,
				7B07105B21EEF412008F6512 /* Main.storyboard in Resources */,
			);
			runOnlyForDeploymentPostprocessing = 0;
		};
		7B07106921EEF50C008F6512 /* Resources */ = {
			isa = PBXResourcesBuildPhase;
			buildActionMask = 2147483647;
			files = (
				7B07107D21EEFC30008F6512 /* Action.js in Resources */,
				7B07107321EEF50C008F6512 /* MainInterface.storyboard in Resources */,
			);
			runOnlyForDeploymentPostprocessing = 0;
		};
/* End PBXResourcesBuildPhase section */

/* Begin PBXSourcesBuildPhase section */
		7B07104E21EEF412008F6512 /* Sources */ = {
			isa = PBXSourcesBuildPhase;
			buildActionMask = 2147483647;
			files = (
				7B07105821EEF412008F6512 /* ViewController.swift in Sources */,
				7B07105621EEF412008F6512 /* AppDelegate.swift in Sources */,
			);
			runOnlyForDeploymentPostprocessing = 0;
		};
		7B07106721EEF50C008F6512 /* Sources */ = {
			isa = PBXSourcesBuildPhase;
			buildActionMask = 2147483647;
			files = (
				7B07107021EEF50C008F6512 /* ActionViewController.swift in Sources */,
			);
			runOnlyForDeploymentPostprocessing = 0;
		};
/* End PBXSourcesBuildPhase section */

/* Begin PBXTargetDependency section */
		7B07107621EEF50C008F6512 /* PBXTargetDependency */ = {
			isa = PBXTargetDependency;
			target = 7B07106A21EEF50C008F6512 /* Extension */;
			targetProxy = 7B07107521EEF50C008F6512 /* PBXContainerItemProxy */;
		};
/* End PBXTargetDependency section */

/* Begin PBXVariantGroup section */
		7B07105921EEF412008F6512 /* Main.storyboard */ = {
			isa = PBXVariantGroup;
			children = (
				7B07105A21EEF412008F6512 /* Base */,
			);
			name = Main.storyboard;
			sourceTree = "<group>";
		};
		7B07105E21EEF413008F6512 /* LaunchScreen.storyboard */ = {
			isa = PBXVariantGroup;
			children = (
				7B07105F21EEF413008F6512 /* Base */,
			);
			name = LaunchScreen.storyboard;
			sourceTree = "<group>";
		};
		7B07107121EEF50C008F6512 /* MainInterface.storyboard */ = {
			isa = PBXVariantGroup;
			children = (
				7B07107221EEF50C008F6512 /* Base */,
			);
			name = MainInterface.storyboard;
			sourceTree = "<group>";
		};
/* End PBXVariantGroup section */

/* Begin XCBuildConfiguration section */
		7B07106221EEF413008F6512 /* Debug */ = {
			isa = XCBuildConfiguration;
			buildSettings = {
				ALWAYS_SEARCH_USER_PATHS = NO;
				CLANG_ANALYZER_NONNULL = YES;
				CLANG_ANALYZER_NUMBER_OBJECT_CONVERSION = YES_AGGRESSIVE;
				CLANG_CXX_LANGUAGE_STANDARD = "gnu++14";
				CLANG_CXX_LIBRARY = "libc++";
				CLANG_ENABLE_MODULES = YES;
				CLANG_ENABLE_OBJC_ARC = YES;
				CLANG_ENABLE_OBJC_WEAK = YES;
				CLANG_WARN_BLOCK_CAPTURE_AUTORELEASING = YES;
				CLANG_WARN_BOOL_CONVERSION = YES;
				CLANG_WARN_COMMA = YES;
				CLANG_WARN_CONSTANT_CONVERSION = YES;
				CLANG_WARN_DEPRECATED_OBJC_IMPLEMENTATIONS = YES;
				CLANG_WARN_DIRECT_OBJC_ISA_USAGE = YES_ERROR;
				CLANG_WARN_DOCUMENTATION_COMMENTS = YES;
				CLANG_WARN_EMPTY_BODY = YES;
				CLANG_WARN_ENUM_CONVERSION = YES;
				CLANG_WARN_INFINITE_RECURSION = YES;
				CLANG_WARN_INT_CONVERSION = YES;
				CLANG_WARN_NON_LITERAL_NULL_CONVERSION = YES;
				CLANG_WARN_OBJC_IMPLICIT_RETAIN_SELF = YES;
				CLANG_WARN_OBJC_LITERAL_CONVERSION = YES;
				CLANG_WARN_OBJC_ROOT_CLASS = YES_ERROR;
				CLANG_WARN_RANGE_LOOP_ANALYSIS = YES;
				CLANG_WARN_STRICT_PROTOTYPES = YES;
				CLANG_WARN_SUSPICIOUS_MOVE = YES;
				CLANG_WARN_UNGUARDED_AVAILABILITY = YES_AGGRESSIVE;
				CLANG_WARN_UNREACHABLE_CODE = YES;
				CLANG_WARN__DUPLICATE_METHOD_MATCH = YES;
				CODE_SIGN_IDENTITY = "iPhone Developer";
				COPY_PHASE_STRIP = NO;
				DEBUG_INFORMATION_FORMAT = dwarf;
				ENABLE_STRICT_OBJC_MSGSEND = YES;
				ENABLE_TESTABILITY = YES;
				GCC_C_LANGUAGE_STANDARD = gnu11;
				GCC_DYNAMIC_NO_PIC = NO;
				GCC_NO_COMMON_BLOCKS = YES;
				GCC_OPTIMIZATION_LEVEL = 0;
				GCC_PREPROCESSOR_DEFINITIONS = (
					"DEBUG=1",
					"$(inherited)",
				);
				GCC_WARN_64_TO_32_BIT_CONVERSION = YES;
				GCC_WARN_ABOUT_RETURN_TYPE = YES_ERROR;
				GCC_WARN_UNDECLARED_SELECTOR = YES;
				GCC_WARN_UNINITIALIZED_AUTOS = YES_AGGRESSIVE;
				GCC_WARN_UNUSED_FUNCTION = YES;
				GCC_WARN_UNUSED_VARIABLE = YES;
				IPHONEOS_DEPLOYMENT_TARGET = 12.1;
				MTL_ENABLE_DEBUG_INFO = INCLUDE_SOURCE;
				MTL_FAST_MATH = YES;
				ONLY_ACTIVE_ARCH = YES;
				SDKROOT = iphoneos;
				SWIFT_ACTIVE_COMPILATION_CONDITIONS = DEBUG;
				SWIFT_OPTIMIZATION_LEVEL = "-Onone";
			};
			name = Debug;
		};
		7B07106321EEF413008F6512 /* Release */ = {
			isa = XCBuildConfiguration;
			buildSettings = {
				ALWAYS_SEARCH_USER_PATHS = NO;
				CLANG_ANALYZER_NONNULL = YES;
				CLANG_ANALYZER_NUMBER_OBJECT_CONVERSION = YES_AGGRESSIVE;
				CLANG_CXX_LANGUAGE_STANDARD = "gnu++14";
				CLANG_CXX_LIBRARY = "libc++";
				CLANG_ENABLE_MODULES = YES;
				CLANG_ENABLE_OBJC_ARC = YES;
				CLANG_ENABLE_OBJC_WEAK = YES;
				CLANG_WARN_BLOCK_CAPTURE_AUTORELEASING = YES;
				CLANG_WARN_BOOL_CONVERSION = YES;
				CLANG_WARN_COMMA = YES;
				CLANG_WARN_CONSTANT_CONVERSION = YES;
				CLANG_WARN_DEPRECATED_OBJC_IMPLEMENTATIONS = YES;
				CLANG_WARN_DIRECT_OBJC_ISA_USAGE = YES_ERROR;
				CLANG_WARN_DOCUMENTATION_COMMENTS = YES;
				CLANG_WARN_EMPTY_BODY = YES;
				CLANG_WARN_ENUM_CONVERSION = YES;
				CLANG_WARN_INFINITE_RECURSION = YES;
				CLANG_WARN_INT_CONVERSION = YES;
				CLANG_WARN_NON_LITERAL_NULL_CONVERSION = YES;
				CLANG_WARN_OBJC_IMPLICIT_RETAIN_SELF = YES;
				CLANG_WARN_OBJC_LITERAL_CONVERSION = YES;
				CLANG_WARN_OBJC_ROOT_CLASS = YES_ERROR;
				CLANG_WARN_RANGE_LOOP_ANALYSIS = YES;
				CLANG_WARN_STRICT_PROTOTYPES = YES;
				CLANG_WARN_SUSPICIOUS_MOVE = YES;
				CLANG_WARN_UNGUARDED_AVAILABILITY = YES_AGGRESSIVE;
				CLANG_WARN_UNREACHABLE_CODE = YES;
				CLANG_WARN__DUPLICATE_METHOD_MATCH = YES;
				CODE_SIGN_IDENTITY = "iPhone Developer";
				COPY_PHASE_STRIP = NO;
				DEBUG_INFORMATION_FORMAT = "dwarf-with-dsym";
				ENABLE_NS_ASSERTIONS = NO;
				ENABLE_STRICT_OBJC_MSGSEND = YES;
				GCC_C_LANGUAGE_STANDARD = gnu11;
				GCC_NO_COMMON_BLOCKS = YES;
				GCC_WARN_64_TO_32_BIT_CONVERSION = YES;
				GCC_WARN_ABOUT_RETURN_TYPE = YES_ERROR;
				GCC_WARN_UNDECLARED_SELECTOR = YES;
				GCC_WARN_UNINITIALIZED_AUTOS = YES_AGGRESSIVE;
				GCC_WARN_UNUSED_FUNCTION = YES;
				GCC_WARN_UNUSED_VARIABLE = YES;
				IPHONEOS_DEPLOYMENT_TARGET = 12.1;
				MTL_ENABLE_DEBUG_INFO = NO;
				MTL_FAST_MATH = YES;
				SDKROOT = iphoneos;
				SWIFT_COMPILATION_MODE = wholemodule;
				SWIFT_OPTIMIZATION_LEVEL = "-O";
				VALIDATE_PRODUCT = YES;
			};
			name = Release;
		};
		7B07106521EEF413008F6512 /* Debug */ = {
			isa = XCBuildConfiguration;
			buildSettings = {
				ALWAYS_EMBED_SWIFT_STANDARD_LIBRARIES = YES;
				ASSETCATALOG_COMPILER_APPICON_NAME = AppIcon;
				CODE_SIGN_STYLE = Automatic;
				INFOPLIST_FILE = Project16/Info.plist;
				LD_RUNPATH_SEARCH_PATHS = (
					"$(inherited)",
					"@executable_path/Frameworks",
				);
				PRODUCT_BUNDLE_IDENTIFIER = com.tannerquesenberry.Project16;
				PRODUCT_NAME = "$(TARGET_NAME)";
				SWIFT_VERSION = 4.2;
				TARGETED_DEVICE_FAMILY = "1,2";
			};
			name = Debug;
		};
		7B07106621EEF413008F6512 /* Release */ = {
			isa = XCBuildConfiguration;
			buildSettings = {
				ALWAYS_EMBED_SWIFT_STANDARD_LIBRARIES = YES;
				ASSETCATALOG_COMPILER_APPICON_NAME = AppIcon;
				CODE_SIGN_STYLE = Automatic;
				INFOPLIST_FILE = Project16/Info.plist;
				LD_RUNPATH_SEARCH_PATHS = (
					"$(inherited)",
					"@executable_path/Frameworks",
				);
				PRODUCT_BUNDLE_IDENTIFIER = com.tannerquesenberry.Project16;
				PRODUCT_NAME = "$(TARGET_NAME)";
				SWIFT_VERSION = 4.2;
				TARGETED_DEVICE_FAMILY = "1,2";
			};
			name = Release;
		};
		7B07107921EEF50C008F6512 /* Debug */ = {
			isa = XCBuildConfiguration;
			buildSettings = {
				CODE_SIGN_STYLE = Automatic;
				INFOPLIST_FILE = Extension/Info.plist;
				LD_RUNPATH_SEARCH_PATHS = (
					"$(inherited)",
					"@executable_path/Frameworks",
					"@executable_path/../../Frameworks",
				);
				PRODUCT_BUNDLE_IDENTIFIER = com.tannerquesenberry.Project16.Extension;
				PRODUCT_NAME = "$(TARGET_NAME)";
				SKIP_INSTALL = YES;
				SWIFT_VERSION = 4.2;
				TARGETED_DEVICE_FAMILY = "1,2";
			};
			name = Debug;
		};
		7B07107A21EEF50C008F6512 /* Release */ = {
			isa = XCBuildConfiguration;
			buildSettings = {
				CODE_SIGN_STYLE = Automatic;
				INFOPLIST_FILE = Extension/Info.plist;
				LD_RUNPATH_SEARCH_PATHS = (
					"$(inherited)",
					"@executable_path/Frameworks",
					"@executable_path/../../Frameworks",
				);
				PRODUCT_BUNDLE_IDENTIFIER = com.tannerquesenberry.Project16.Extension;
				PRODUCT_NAME = "$(TARGET_NAME)";
				SKIP_INSTALL = YES;
				SWIFT_VERSION = 4.2;
				TARGETED_DEVICE_FAMILY = "1,2";
			};
			name = Release;
		};
/* End XCBuildConfiguration section */

/* Begin XCConfigurationList section */
		7B07104D21EEF412008F6512 /* Build configuration list for PBXProject "Project16" */ = {
			isa = XCConfigurationList;
			buildConfigurations = (
				7B07106221EEF413008F6512 /* Debug */,
				7B07106321EEF413008F6512 /* Release */,
			);
			defaultConfigurationIsVisible = 0;
			defaultConfigurationName = Release;
		};
		7B07106421EEF413008F6512 /* Build configuration list for PBXNativeTarget "Project16" */ = {
			isa = XCConfigurationList;
			buildConfigurations = (
				7B07106521EEF413008F6512 /* Debug */,
				7B07106621EEF413008F6512 /* Release */,
			);
			defaultConfigurationIsVisible = 0;
			defaultConfigurationName = Release;
		};
		7B07107821EEF50C008F6512 /* Build configuration list for PBXNativeTarget "Extension" */ = {
			isa = XCConfigurationList;
			buildConfigurations = (
				7B07107921EEF50C008F6512 /* Debug */,
				7B07107A21EEF50C008F6512 /* Release */,
			);
			defaultConfigurationIsVisible = 0;
			defaultConfigurationName = Release;
		};
/* End XCConfigurationList section */
	};
	rootObject = 7B07104A21EEF412008F6512 /* Project object */;
}
